
Microsoft Visual Studio Solution File, Format Version 12.00
# Visual Studio Version 16
VisualStudioVersion = 16.0.29905.134
MinimumVisualStudioVersion = 10.0.40219.1
Project("{8BC9CEB8-8B4A-11D0-8D11-00A0C91BC942}") = "vc_ex1.飞机小游戏", "vc_ex1.飞机小游戏.vcxproj", "{11C95C57-9313-4A92-A0F0-F43E2F28A295}"
EndProject
Global
	GlobalSection(SolutionConfigurationPlatforms) = preSolution
		Debug|x64 = Debug|x64
		Debug|x86 = Debug|x86
		Release|x64 = Release|x64
		Release|x86 = Release|x86
	EndGlobalSection
	GlobalSection(ProjectConfigurationPlatforms) = postSolution
		{11C95C57-9313-4A92-A0F0-F43E2F28A295}.Debug|x64.ActiveCfg = Debug|x64
		{11C95C57-9313-4A92-A0F0-F43E2F28A295}.Debug|x64.Build.0 = Debug|x64
		{11C95C57-9313-4A92-A0F0-F43E2F28A295}.Debug|x86.ActiveCfg = Debug|Win32
		{11C95C57-9313-4A92-A0F0-F43E2F28A295}.Debug|x86.Build.0 = Debug|Win32
		{11C95C57-9313-4A92-A0F0-F43E2F28A295}.Release|x64.ActiveCfg = Release|x64
		{11C95C57-9313-4A92-A0F0-F43E2F28A295}.Release|x64.Build.0 = Release|x64
		{11C95C57-9313-4A92-A0F0-F43E2F28A295}.Release|x86.ActiveCfg = Release|Win32
		{11C95C57-9313-4A92-A0F0-F43E2F28A295}.Release|x86.Build.0 = Release|Win32
	EndGlobalSection
	GlobalSection(SolutionProperties) = preSolution
		HideSolutionNode = FALSE
	EndGlobalSection
	GlobalSection(ExtensibilityGlobals) = postSolution
		SolutionGuid = {216B8040-9461-44FA-81C8-FADBB136B587}
	EndGlobalSection
EndGlobal
